
Microsoft Visual Studio Solution File, Format Version 12.00
# Visual Studio Version 17
VisualStudioVersion = 17.8.34330.188
MinimumVisualStudioVersion = 10.0.40219.1
Project("{9A19103F-16F7-4668-BE54-9A1E7A4F7556}") = "RedisDebounceThrottle", "RedisDebounceThrottle\RedisDebounceThrottle.csproj", "{34600CD6-6C73-4FC5-8574-2276AAF3F488}"
EndProject
Project("{FAE04EC0-301F-11D3-BF4B-00C04F79EFBC}") = "RedisDebounce.Demo", "RedisDebounce.Demo\RedisDebounce.Demo.csproj", "{ED9095C7-C109-4F66-BFDC-9A991F9013F4}"
EndProject
Project("{FAE04EC0-301F-11D3-BF4B-00C04F79EFBC}") = "RedisThrottle.Demo", "RedisThrottle.Demo\RedisThrottle.Demo.csproj", "{EF1F882F-12A6-42C3-A616-0176302634E9}"
EndProject
Global
	GlobalSection(SolutionConfigurationPlatforms) = preSolution
		Debug|Any CPU = Debug|Any CPU
		Release|Any CPU = Release|Any CPU
	EndGlobalSection
	GlobalSection(ProjectConfigurationPlatforms) = postSolution
		{34600CD6-6C73-4FC5-8574-2276AAF3F488}.Debug|Any CPU.ActiveCfg = Debug|Any CPU
		{34600CD6-6C73-4FC5-8574-2276AAF3F488}.Debug|Any CPU.Build.0 = Debug|Any CPU
		{34600CD6-6C73-4FC5-8574-2276AAF3F488}.Release|Any CPU.ActiveCfg = Release|Any CPU
		{34600CD6-6C73-4FC5-8574-2276AAF3F488}.Release|Any CPU.Build.0 = Release|Any CPU
		{ED9095C7-C109-4F66-BFDC-9A991F9013F4}.Debug|Any CPU.ActiveCfg = Debug|Any CPU
		{ED9095C7-C109-4F66-BFDC-9A991F9013F4}.Debug|Any CPU.Build.0 = Debug|Any CPU
		{ED9095C7-C109-4F66-BFDC-9A991F9013F4}.Release|Any CPU.ActiveCfg = Release|Any CPU
		{ED9095C7-C109-4F66-BFDC-9A991F9013F4}.Release|Any CPU.Build.0 = Release|Any CPU
		{EF1F882F-12A6-42C3-A616-0176302634E9}.Debug|Any CPU.ActiveCfg = Debug|Any CPU
		{EF1F882F-12A6-42C3-A616-0176302634E9}.Debug|Any CPU.Build.0 = Debug|Any CPU
		{EF1F882F-12A6-42C3-A616-0176302634E9}.Release|Any CPU.ActiveCfg = Release|Any CPU
		{EF1F882F-12A6-42C3-A616-0176302634E9}.Release|Any CPU.Build.0 = Release|Any CPU
	EndGlobalSection
	GlobalSection(SolutionProperties) = preSolution
		HideSolutionNode = FALSE
	EndGlobalSection
	GlobalSection(ExtensibilityGlobals) = postSolution
		SolutionGuid = {75F9F6CC-DF1A-4908-972C-AB14F30ECE42}
	EndGlobalSection
EndGlobal
